Microsoft Visual Studio Solution File, Format Version 11.00
# Visual Studio 2008

Project("{05C71DAC-9979-DE18-D1D8-A1B5781E986B}") = "jsonTest", "Assembly-CSharp-firstpass.csproj", "{6BCC03EE-AB64-922B-2F51-AD1ECA24BF16}"
EndProject
Project("{05C71DAC-9979-DE18-D1D8-A1B5781E986B}") = "jsonTest", "Assembly-CSharp.csproj", "{241D2124-29E2-FF44-E09D-694C8974387F}"
EndProject
Project("{05C71DAC-9979-DE18-D1D8-A1B5781E986B}") = "jsonTest", "Assembly-UnityScript.unityproj", "{ACCCAB63-7D97-34E1-CEC9-1D82D3852675}"
EndProject
Global
	GlobalSection(SolutionConfigurationPlatforms) = preSolution
		Debug|Any CPU = Debug|Any CPU
		Release|Any CPU = Release|Any CPU
	EndGlobalSection
	GlobalSection(ProjectConfigurationPlatforms) = postSolution
		{6BCC03EE-AB64-922B-2F51-AD1ECA24BF16}.Debug|Any CPU.ActiveCfg = Debug|Any CPU
		{6BCC03EE-AB64-922B-2F51-AD1ECA24BF16}.Debug|Any CPU.Build.0 = Debug|Any CPU
		{6BCC03EE-AB64-922B-2F51-AD1ECA24BF16}.Release|Any CPU.ActiveCfg = Release|Any CPU
		{6BCC03EE-AB64-922B-2F51-AD1ECA24BF16}.Release|Any CPU.Build.0 = Release|Any CPU
		{241D2124-29E2-FF44-E09D-694C8974387F}.Debug|Any CPU.ActiveCfg = Debug|Any CPU
		{241D2124-29E2-FF44-E09D-694C8974387F}.Debug|Any CPU.Build.0 = Debug|Any CPU
		{241D2124-29E2-FF44-E09D-694C8974387F}.Release|Any CPU.ActiveCfg = Release|Any CPU
		{241D2124-29E2-FF44-E09D-694C8974387F}.Release|Any CPU.Build.0 = Release|Any CPU
		{ACCCAB63-7D97-34E1-CEC9-1D82D3852675}.Debug|Any CPU.ActiveCfg = Debug|Any CPU
		{ACCCAB63-7D97-34E1-CEC9-1D82D3852675}.Debug|Any CPU.Build.0 = Debug|Any CPU
		{ACCCAB63-7D97-34E1-CEC9-1D82D3852675}.Release|Any CPU.ActiveCfg = Release|Any CPU
		{ACCCAB63-7D97-34E1-CEC9-1D82D3852675}.Release|Any CPU.Build.0 = Release|Any CPU
	EndGlobalSection
	GlobalSection(SolutionProperties) = preSolution
		HideSolutionNode = FALSE
	EndGlobalSection
		GlobalSection(MonoDevelopProperties) = preSolution
		StartupItem = Assembly-CSharp.csproj
		Policies = $0
		$0.TextStylePolicy = $1
		$1.inheritsSet = null
		$1.scope = text/x-csharp
		$0.CSharpFormattingPolicy = $2
		$2.inheritsSet = Mono
		$2.inheritsScope = text/x-csharp
		$2.scope = text/x-csharp
		$0.TextStylePolicy = $3
		$3.FileWidth = 120
		$3.TabWidth = 4
		$3.IndentWidth = 4
		$3.EolMarker = Unix
		$3.inheritsSet = Mono
		$3.inheritsScope = text/plain
		$3.scope = text/plain
	EndGlobalSection

EndGlobal
